
Microsoft Visual Studio Solution File, Format Version 12.00
# Visual Studio Version 17
VisualStudioVersion = 17.1.32414.318
MinimumVisualStudioVersion = 10.0.40219.1
Project("{9A19103F-16F7-4668-BE54-9A1E7A4F7556}") = "cnums", "MathH\cnums.csproj", "{213F90E0-C901-44D8-A5DE-488AB3E9A8C8}"
EndProject
Project("{9A19103F-16F7-4668-BE54-9A1E7A4F7556}") = "ShowCase", "ShowCase\ShowCase.csproj", "{148D0654-39B8-41DE-884E-16A2A49FAEFF}"
EndProject
Global
	GlobalSection(SolutionConfigurationPlatforms) = preSolution
		Debug|Any CPU = Debug|Any CPU
		Release|Any CPU = Release|Any CPU
	EndGlobalSection
	GlobalSection(ProjectConfigurationPlatforms) = postSolution
		{213F90E0-C901-44D8-A5DE-488AB3E9A8C8}.Debug|Any CPU.ActiveCfg = Debug|Any CPU
		{213F90E0-C901-44D8-A5DE-488AB3E9A8C8}.Debug|Any CPU.Build.0 = Debug|Any CPU
		{213F90E0-C901-44D8-A5DE-488AB3E9A8C8}.Release|Any CPU.ActiveCfg = Release|Any CPU
		{213F90E0-C901-44D8-A5DE-488AB3E9A8C8}.Release|Any CPU.Build.0 = Release|Any CPU
		{148D0654-39B8-41DE-884E-16A2A49FAEFF}.Debug|Any CPU.ActiveCfg = Debug|Any CPU
		{148D0654-39B8-41DE-884E-16A2A49FAEFF}.Debug|Any CPU.Build.0 = Debug|Any CPU
		{148D0654-39B8-41DE-884E-16A2A49FAEFF}.Release|Any CPU.ActiveCfg = Release|Any CPU
		{148D0654-39B8-41DE-884E-16A2A49FAEFF}.Release|Any CPU.Build.0 = Release|Any CPU
	EndGlobalSection
	GlobalSection(SolutionProperties) = preSolution
		HideSolutionNode = FALSE
	EndGlobalSection
	GlobalSection(ExtensibilityGlobals) = postSolution
		SolutionGuid = {3EEC9A5D-470D-4932-BB0A-5DB0F5320537}
	EndGlobalSection
EndGlobal
