
Microsoft Visual Studio Solution File, Format Version 12.00
# Visual Studio Version 17
VisualStudioVersion = 17.3.32825.248
MinimumVisualStudioVersion = 10.0.40219.1
Project("{FAE04EC0-301F-11D3-BF4B-00C04F79EFBC}") = "cnumsTest", "cnumsTest\cnumsTest.csproj", "{9273C496-770C-48DB-BA18-01673BF357BC}"
EndProject
Global
	GlobalSection(SolutionConfigurationPlatforms) = preSolution
		Debug|Any CPU = Debug|Any CPU
		Release|Any CPU = Release|Any CPU
	EndGlobalSection
	GlobalSection(ProjectConfigurationPlatforms) = postSolution
		{9273C496-770C-48DB-BA18-01673BF357BC}.Debug|Any CPU.ActiveCfg = Debug|Any CPU
		{9273C496-770C-48DB-BA18-01673BF357BC}.Debug|Any CPU.Build.0 = Debug|Any CPU
		{9273C496-770C-48DB-BA18-01673BF357BC}.Release|Any CPU.ActiveCfg = Release|Any CPU
		{9273C496-770C-48DB-BA18-01673BF357BC}.Release|Any CPU.Build.0 = Release|Any CPU
	EndGlobalSection
	GlobalSection(SolutionProperties) = preSolution
		HideSolutionNode = FALSE
	EndGlobalSection
	GlobalSection(ExtensibilityGlobals) = postSolution
		SolutionGuid = {04E2B301-4E87-4CD9-8D19-5B2808F65254}
	EndGlobalSection
EndGlobal
